
Microsoft Visual Studio Solution File, Format Version 12.00
# Visual Studio Version 17
VisualStudioVersion = 17.8.34330.188
MinimumVisualStudioVersion = 10.0.40219.1
Project("{9A19103F-16F7-4668-BE54-9A1E7A4F7556}") = "MobleFinal", "MobleFinal\MobleFinal.csproj", "{7B5A167D-CBB4-498B-9D68-D70350D41F04}"
EndProject
Project("{2150E333-8FDC-42A3-9474-1A3956D46DE8}") = "솔루션 항목", "솔루션 항목", "{A3E7ED27-BB8E-484A-8CFB-BB494818D13B}"
EndProject
Global
	GlobalSection(SolutionConfigurationPlatforms) = preSolution
		Debug|Any CPU = Debug|Any CPU
		Debug|x64 = Debug|x64
		Release|Any CPU = Release|Any CPU
		Release|x64 = Release|x64
	EndGlobalSection
	GlobalSection(ProjectConfigurationPlatforms) = postSolution
		{7B5A167D-CBB4-498B-9D68-D70350D41F04}.Debug|Any CPU.ActiveCfg = Debug|Any CPU
		{7B5A167D-CBB4-498B-9D68-D70350D41F04}.Debug|Any CPU.Build.0 = Debug|Any CPU
		{7B5A167D-CBB4-498B-9D68-D70350D41F04}.Debug|x64.ActiveCfg = Debug|x64
		{7B5A167D-CBB4-498B-9D68-D70350D41F04}.Debug|x64.Build.0 = Debug|x64
		{7B5A167D-CBB4-498B-9D68-D70350D41F04}.Release|Any CPU.ActiveCfg = Release|Any CPU
		{7B5A167D-CBB4-498B-9D68-D70350D41F04}.Release|Any CPU.Build.0 = Release|Any CPU
		{7B5A167D-CBB4-498B-9D68-D70350D41F04}.Release|x64.ActiveCfg = Release|x64
		{7B5A167D-CBB4-498B-9D68-D70350D41F04}.Release|x64.Build.0 = Release|x64
	EndGlobalSection
	GlobalSection(SolutionProperties) = preSolution
		HideSolutionNode = FALSE
	EndGlobalSection
	GlobalSection(ExtensibilityGlobals) = postSolution
		SolutionGuid = {C71E94FF-2EBF-4C62-9677-CB94E5DDECBD}
	EndGlobalSection
EndGlobal
