
Microsoft Visual Studio Solution File, Format Version 12.00
# Visual Studio Version 17
VisualStudioVersion = 17.8.34330.188
MinimumVisualStudioVersion = 10.0.40219.1
Project("{9A19103F-16F7-4668-BE54-9A1E7A4F7556}") = "MobleFinalServer", "MobleFinalServer.csproj", "{EE1CB81B-F7D2-4C31-A1C7-1AAEE995664A}"
EndProject
Global
	GlobalSection(SolutionConfigurationPlatforms) = preSolution
		Debug|Any CPU = Debug|Any CPU
		Release|Any CPU = Release|Any CPU
	EndGlobalSection
	GlobalSection(ProjectConfigurationPlatforms) = postSolution
		{EE1CB81B-F7D2-4C31-A1C7-1AAEE995664A}.Debug|Any CPU.ActiveCfg = Debug|Any CPU
		{EE1CB81B-F7D2-4C31-A1C7-1AAEE995664A}.Debug|Any CPU.Build.0 = Debug|Any CPU
		{EE1CB81B-F7D2-4C31-A1C7-1AAEE995664A}.Release|Any CPU.ActiveCfg = Release|Any CPU
		{EE1CB81B-F7D2-4C31-A1C7-1AAEE995664A}.Release|Any CPU.Build.0 = Release|Any CPU
	EndGlobalSection
	GlobalSection(SolutionProperties) = preSolution
		HideSolutionNode = FALSE
	EndGlobalSection
	GlobalSection(ExtensibilityGlobals) = postSolution
		SolutionGuid = {6AA0F36A-0651-404B-B0AD-B2083EDA1CA1}
	EndGlobalSection
EndGlobal
